
Microsoft Visual Studio Solution File, Format Version 12.00
# Visual Studio Version 17
VisualStudioVersion = 17.7.34009.444
MinimumVisualStudioVersion = 10.0.40219.1
Project("{FAE04EC0-301F-11D3-BF4B-00C04F79EFBC}") = "appWord", "appWord\appWord.csproj", "{418B6827-6FEE-4D39-9D89-0738DAF55837}"
EndProject
Global
	GlobalSection(SolutionConfigurationPlatforms) = preSolution
		Debug|Any CPU = Debug|Any CPU
		Release|Any CPU = Release|Any CPU
	EndGlobalSection
	GlobalSection(ProjectConfigurationPlatforms) = postSolution
		{418B6827-6FEE-4D39-9D89-0738DAF55837}.Debug|Any CPU.ActiveCfg = Debug|Any CPU
		{418B6827-6FEE-4D39-9D89-0738DAF55837}.Debug|Any CPU.Build.0 = Debug|Any CPU
		{418B6827-6FEE-4D39-9D89-0738DAF55837}.Release|Any CPU.ActiveCfg = Release|Any CPU
		{418B6827-6FEE-4D39-9D89-0738DAF55837}.Release|Any CPU.Build.0 = Release|Any CPU
	EndGlobalSection
	GlobalSection(SolutionProperties) = preSolution
		HideSolutionNode = FALSE
	EndGlobalSection
	GlobalSection(ExtensibilityGlobals) = postSolution
		SolutionGuid = {BCA3CA54-593B-45DE-BC01-560D0D518330}
	EndGlobalSection
EndGlobal
